
Microsoft Visual Studio Solution File, Format Version 12.00
# Visual Studio Version 17
VisualStudioVersion = 17.7.34031.279
MinimumVisualStudioVersion = 10.0.40219.1
Project("{FAE04EC0-301F-11D3-BF4B-00C04F79EFBC}") = "Proy_Repaso", "Proy_Repaso\Proy_Repaso.csproj", "{4A947759-4F12-47F8-83E5-4836291B70C8}"
EndProject
Global
	GlobalSection(SolutionConfigurationPlatforms) = preSolution
		Debug|Any CPU = Debug|Any CPU
		Release|Any CPU = Release|Any CPU
	EndGlobalSection
	GlobalSection(ProjectConfigurationPlatforms) = postSolution
		{4A947759-4F12-47F8-83E5-4836291B70C8}.Debug|Any CPU.ActiveCfg = Debug|Any CPU
		{4A947759-4F12-47F8-83E5-4836291B70C8}.Debug|Any CPU.Build.0 = Debug|Any CPU
		{4A947759-4F12-47F8-83E5-4836291B70C8}.Release|Any CPU.ActiveCfg = Release|Any CPU
		{4A947759-4F12-47F8-83E5-4836291B70C8}.Release|Any CPU.Build.0 = Release|Any CPU
	EndGlobalSection
	GlobalSection(SolutionProperties) = preSolution
		HideSolutionNode = FALSE
	EndGlobalSection
	GlobalSection(ExtensibilityGlobals) = postSolution
		SolutionGuid = {E0E93E9E-8E80-4B65-BA6F-25A9C6E9E42C}
	EndGlobalSection
EndGlobal
